// !$*UTF8*$!
{
	archiveVersion = 1;
	classes = {
	};
	objectVersion = 46;
	objects = {

/* Begin PBXBuildFile section */
		43233E281E36B5D600719D9D /* AppDelegate.swift in Sources */ = {isa = PBXBuildFile; fileRef = 43233E271E36B5D600719D9D /* AppDelegate.swift */; };
		43233E2A1E36B5D600719D9D /* ViewController.swift in Sources */ = {isa = PBXBuildFile; fileRef = 43233E291E36B5D600719D9D /* ViewController.swift */; };
		43233E2D1E36B5D600719D9D /* Main.storyboard in Resources */ = {isa = PBXBuildFile; fileRef = 43233E2B1E36B5D600719D9D /* Main.storyboard */; };
		43233E2F1E36B5D600719D9D /* Assets.xcassets in Resources */ = {isa = PBXBuildFile; fileRef = 43233E2E1E36B5D600719D9D /* Assets.xcassets */; };
		43233E321E36B5D600719D9D /* LaunchScreen.storyboard in Resources */ = {isa = PBXBuildFile; fileRef = 43233E301E36B5D600719D9D /* LaunchScreen.storyboard */; };
/* End PBXBuildFile section */

/* Begin PBXFileReference section */
		43233E241E36B5D600719D9D /* Aula_006_ProcessosSincronos.app */ = {isa = PBXFileReference; explicitFileType = wrapper.application; includeInIndex = 0; path = Aula_006_ProcessosSincronos.app; sourceTree = BUILT_PRODUCTS_DIR; };
		43233E271E36B5D600719D9D /* AppDelegate.swift */ = {isa = PBXFileReference; lastKnownFileType = sourcecode.swift; path = AppDelegate.swift; sourceTree = "<group>"; };
		43233E291E36B5D600719D9D /* ViewController.swift */ = {isa = PBXFileReference; lastKnownFileType = sourcecode.swift; path = ViewController.swift; sourceTree = "<group>"; };
		43233E2C1E36B5D600719D9D /* Base */ = {isa = PBXFileReference; lastKnownFileType = file.storyboard; name = Base; path = Base.lproj/Main.storyboard; sourceTree = "<group>"; };
		43233E2E1E36B5D600719D9D /* Assets.xcassets */ = {isa = PBXFileReference; lastKnownFileType = folder.assetcatalog; path = Assets.xcassets; sourceTree = "<group>"; };
		43233E311E36B5D600719D9D /* Base */ = {isa = PBXFileReference; lastKnownFileType = file.storyboard; name = Base; path = Base.lproj/LaunchScreen.storyboard; sourceTree = "<group>"; };
		43233E331E36B5D600719D9D /* Info.plist */ = {isa = PBXFileReference; lastKnownFileType = text.plist.xml; path = Info.plist; sourceTree = "<group>"; };
/* End PBXFileReference section */

/* Begin PBXFrameworksBuildPhase section */
		43233E211E36B5D600719D9D /* Frameworks */ = {
			isa = PBXFrameworksBuildPhase;
			buildActionMask = 2147483647;
			files = (
			);
			runOnlyForDeploymentPostprocessing = 0;
		};
/* End PBXFrameworksBuildPhase section */

/* Begin PBXGroup section */
		43233E1B1E36B5D600719D9D = {
			isa = PBXGroup;
			children = (
				43233E261E36B5D600719D9D /* Aula_006_ProcessosSincronos */,
				43233E251E36B5D600719D9D /* Products */,
			);
			sourceTree = "<group>";
		};
		43233E251E36B5D600719D9D /* Products */ = {
			isa = PBXGroup;
			children = (
				43233E241E36B5D600719D9D /* Aula_006_ProcessosSincronos.app */,
			);
			name = Products;
			sourceTree = "<group>";
		};
		43233E261E36B5D600719D9D /* Aula_006_ProcessosSincronos */ = {
			isa = PBXGroup;
			children = (
				43233E271E36B5D600719D9D /* AppDelegate.swift */,
				43233E291E36B5D600719D9D /* ViewController.swift */,
				43233E2B1E36B5D600719D9D /* Main.storyboard */,
				43233E2E1E36B5D600719D9D /* Assets.xcassets */,
				43233E301E36B5D600719D9D /* LaunchScreen.storyboard */,
				43233E331E36B5D600719D9D /* Info.plist */,
			);
			path = Aula_006_ProcessosSincronos;
			sourceTree = "<group>";
		};
/* End PBXGroup section */

/* Begin PBXNativeTarget section */
		43233E231E36B5D600719D9D /* Aula_006_ProcessosSincronos */ = {
			isa = PBXNativeTarget;
			buildConfigurationList = 43233E361E36B5D600719D9D /* Build configuration list for PBXNativeTarget "Aula_006_ProcessosSincronos" */;
			buildPhases = (
				43233E201E36B5D600719D9D /* Sources */,
				43233E211E36B5D600719D9D /* Frameworks */,
				43233E221E36B5D600719D9D /* Resources */,
			);
			buildRules = (
			);
			dependencies = (
			);
			name = Aula_006_ProcessosSincronos;
			productName = Aula_006_ProcessosSincronos;
			productReference = 43233E241E36B5D600719D9D /* Aula_006_ProcessosSincronos.app */;
			productType = "com.apple.product-type.application";
		};
/* End PBXNativeTarget section */

/* Begin PBXProject section */
		43233E1C1E36B5D600719D9D /* Project object */ = {
			isa = PBXProject;
			attributes = {
				LastSwiftUpdateCheck = 0800;
				LastUpgradeCheck = 0800;
				ORGANIZATIONNAME = Swift;
				TargetAttributes = {
					43233E231E36B5D600719D9D = {
						CreatedOnToolsVersion = 8.0;
						DevelopmentTeam = 3XU35YZPYQ;
						ProvisioningStyle = Automatic;
					};
				};
			};
			buildConfigurationList = 43233E1F1E36B5D600719D9D /* Build configuration list for PBXProject "Aula_006_ProcessosSincronos" */;
			compatibilityVersion = "Xcode 3.2";
			developmentRegion = English;
			hasScannedForEncodings = 0;
			knownRegions = (
				en,
				Base,
			);
			mainGroup = 43233E1B1E36B5D600719D9D;
			productRefGroup = 43233E251E36B5D600719D9D /* Products */;
			projectDirPath = "";
			projectRoot = "";
			targets = (
				43233E231E36B5D600719D9D /* Aula_006_ProcessosSincronos */,
			);
		};
/* End PBXProject section */

/* Begin PBXResourcesBuildPhase section */
		43233E221E36B5D600719D9D /* Resources */ = {
			isa = PBXResourcesBuildPhase;
			buildActionMask = 2147483647;
			files = (
				43233E321E36B5D600719D9D /* LaunchScreen.storyboard in Resources */,
				43233E2F1E36B5D600719D9D /* Assets.xcassets in Resources */,
				43233E2D1E36B5D600719D9D /* Main.storyboard in Resources */,
			);
			runOnlyForDeploymentPostprocessing = 0;
		};
/* End PBXResourcesBuildPhase section */

/* Begin PBXSourcesBuildPhase section */
		43233E201E36B5D600719D9D /* Sources */ = {
			isa = PBXSourcesBuildPhase;
			buildActionMask = 2147483647;
			files = (
				43233E2A1E36B5D600719D9D /* ViewController.swift in Sources */,
				43233E281E36B5D600719D9D /* AppDelegate.swift in Sources */,
			);
			runOnlyForDeploymentPostprocessing = 0;
		};
/* End PBXSourcesBuildPhase section */

/* Begin PBXVariantGroup section */
		43233E2B1E36B5D600719D9D /* Main.storyboard */ = {
			isa = PBXVariantGroup;
			children = (
				43233E2C1E36B5D600719D9D /* Base */,
			);
			name = Main.storyboard;
			sourceTree = "<group>";
		};
		43233E301E36B5D600719D9D /* LaunchScreen.storyboard */ = {
			isa = PBXVariantGroup;
			children = (
				43233E311E36B5D600719D9D /* Base */,
			);
			name = LaunchScreen.storyboard;
			sourceTree = "<group>";
		};
/* End PBXVariantGroup section */

/* Begin XCBuildConfiguration section */
		43233E341E36B5D600719D9D /* Debug */ = {
			isa = XCBuildConfiguration;
			buildSettings = {
				ALWAYS_SEARCH_USER_PATHS = NO;
				CLANG_ANALYZER_NONNULL = YES;
				CLANG_CXX_LANGUAGE_STANDARD = "gnu++0x";
				CLANG_CXX_LIBRARY = "libc++";
				CLANG_ENABLE_MODULES = YES;
				CLANG_ENABLE_OBJC_ARC = YES;
				CLANG_WARN_BOOL_CONVERSION = YES;
				CLANG_WARN_CONSTANT_CONVERSION = YES;
				CLANG_WARN_DIRECT_OBJC_ISA_USAGE = YES_ERROR;
				CLANG_WARN_DOCUMENTATION_COMMENTS = YES;
				CLANG_WARN_EMPTY_BODY = YES;
				CLANG_WARN_ENUM_CONVERSION = YES;
				CLANG_WARN_INFINITE_RECURSION = YES;
				CLANG_WARN_INT_CONVERSION = YES;
				CLANG_WARN_OBJC_ROOT_CLASS = YES_ERROR;
				CLANG_WARN_SUSPICIOUS_MOVES = YES;
				CLANG_WARN_UNREACHABLE_CODE = YES;
				CLANG_WARN__DUPLICATE_METHOD_MATCH = YES;
				"CODE_SIGN_IDENTITY[sdk=iphoneos*]" = "iPhone Developer";
				COPY_PHASE_STRIP = NO;
				DEBUG_INFORMATION_FORMAT = dwarf;
				ENABLE_STRICT_OBJC_MSGSEND = YES;
				ENABLE_TESTABILITY = YES;
				GCC_C_LANGUAGE_STANDARD = gnu99;
				GCC_DYNAMIC_NO_PIC = NO;
				GCC_NO_COMMON_BLOCKS = YES;
				GCC_OPTIMIZATION_LEVEL = 0;
				GCC_PREPROCESSOR_DEFINITIONS = (
					"DEBUG=1",
					"$(inherited)",
				);
				GCC_WARN_64_TO_32_BIT_CONVERSION = YES;
				GCC_WARN_ABOUT_RETURN_TYPE = YES_ERROR;
				GCC_WARN_UNDECLARED_SELECTOR = YES;
				GCC_WARN_UNINITIALIZED_AUTOS = YES_AGGRESSIVE;
				GCC_WARN_UNUSED_FUNCTION = YES;
				GCC_WARN_UNUSED_VARIABLE = YES;
				IPHONEOS_DEPLOYMENT_TARGET = 10.0;
				MTL_ENABLE_DEBUG_INFO = YES;
				ONLY_ACTIVE_ARCH = YES;
				SDKROOT = iphoneos;
				SWIFT_ACTIVE_COMPILATION_CONDITIONS = DEBUG;
				SWIFT_OPTIMIZATION_LEVEL = "-Onone";
				TARGETED_DEVICE_FAMILY = "1,2";
			};
			name = Debug;
		};
		43233E351E36B5D600719D9D /* Release */ = {
			isa = XCBuildConfiguration;
			buildSettings = {
				ALWAYS_SEARCH_USER_PATHS = NO;
				CLANG_ANALYZER_NONNULL = YES;
				CLANG_CXX_LANGUAGE_STANDARD = "gnu++0x";
				CLANG_CXX_LIBRARY = "libc++";
				CLANG_ENABLE_MODULES = YES;
				CLANG_ENABLE_OBJC_ARC = YES;
				CLANG_WARN_BOOL_CONVERSION = YES;
				CLANG_WARN_CONSTANT_CONVERSION = YES;
				CLANG_WARN_DIRECT_OBJC_ISA_USAGE = YES_ERROR;
				CLANG_WARN_DOCUMENTATION_COMMENTS = YES;
				CLANG_WARN_EMPTY_BODY = YES;
				CLANG_WARN_ENUM_CONVERSION = YES;
				CLANG_WARN_INFINITE_RECURSION = YES;
				CLANG_WARN_INT_CONVERSION = YES;
				CLANG_WARN_OBJC_ROOT_CLASS = YES_ERROR;
				CLANG_WARN_SUSPICIOUS_MOVES = YES;
				CLANG_WARN_UNREACHABLE_CODE = YES;
				CLANG_WARN__DUPLICATE_METHOD_MATCH = YES;
				"CODE_SIGN_IDENTITY[sdk=iphoneos*]" = "iPhone Developer";
				COPY_PHASE_STRIP = NO;
				DEBUG_INFORMATION_FORMAT = "dwarf-with-dsym";
				ENABLE_NS_ASSERTIONS = NO;
				ENABLE_STRICT_OBJC_MSGSEND = YES;
				GCC_C_LANGUAGE_STANDARD = gnu99;
				GCC_NO_COMMON_BLOCKS = YES;
				GCC_WARN_64_TO_32_BIT_CONVERSION = YES;
				GCC_WARN_ABOUT_RETURN_TYPE = YES_ERROR;
				GCC_WARN_UNDECLARED_SELECTOR = YES;
				GCC_WARN_UNINITIALIZED_AUTOS = YES_AGGRESSIVE;
				GCC_WARN_UNUSED_FUNCTION = YES;
				GCC_WARN_UNUSED_VARIABLE = YES;
				IPHONEOS_DEPLOYMENT_TARGET = 10.0;
				MTL_ENABLE_DEBUG_INFO = NO;
				SDKROOT = iphoneos;
				SWIFT_OPTIMIZATION_LEVEL = "-Owholemodule";
				TARGETED_DEVICE_FAMILY = "1,2";
				VALIDATE_PRODUCT = YES;
			};
			name = Release;
		};
		43233E371E36B5D600719D9D /* Debug */ = {
			isa = XCBuildConfiguration;
			buildSettings = {
				ASSETCATALOG_COMPILER_APPICON_NAME = AppIcon;
				DEVELOPMENT_TEAM = 3XU35YZPYQ;
				INFOPLIST_FILE = Aula_006_ProcessosSincronos/Info.plist;
				LD_RUNPATH_SEARCH_PATHS = "$(inherited) @executable_path/Frameworks";
				PRODUCT_BUNDLE_IDENTIFIER = "br.quaddro.com.Aula-006-ProcessosSincronos";
				PRODUCT_NAME = "$(TARGET_NAME)";
				SWIFT_VERSION = 3.0;
			};
			name = Debug;
		};
		43233E381E36B5D600719D9D /* Release */ = {
			isa = XCBuildConfiguration;
			buildSettings = {
				ASSETCATALOG_COMPILER_APPICON_NAME = AppIcon;
				DEVELOPMENT_TEAM = 3XU35YZPYQ;
				INFOPLIST_FILE = Aula_006_ProcessosSincronos/Info.plist;
				LD_RUNPATH_SEARCH_PATHS = "$(inherited) @executable_path/Frameworks";
				PRODUCT_BUNDLE_IDENTIFIER = "br.quaddro.com.Aula-006-ProcessosSincronos";
				PRODUCT_NAME = "$(TARGET_NAME)";
				SWIFT_VERSION = 3.0;
			};
			name = Release;
		};
/* End XCBuildConfiguration section */

/* Begin XCConfigurationList section */
		43233E1F1E36B5D600719D9D /* Build configuration list for PBXProject "Aula_006_ProcessosSincronos" */ = {
			isa = XCConfigurationList;
			buildConfigurations = (
				43233E341E36B5D600719D9D /* Debug */,
				43233E351E36B5D600719D9D /* Release */,
			);
			defaultConfigurationIsVisible = 0;
			defaultConfigurationName = Release;
		};
		43233E361E36B5D600719D9D /* Build configuration list for PBXNativeTarget "Aula_006_ProcessosSincronos" */ = {
			isa = XCConfigurationList;
			buildConfigurations = (
				43233E371E36B5D600719D9D /* Debug */,
				43233E381E36B5D600719D9D /* Release */,
			);
			defaultConfigurationIsVisible = 0;
		};
/* End XCConfigurationList section */
	};
	rootObject = 43233E1C1E36B5D600719D9D /* Project object */;
}
